
Microsoft Visual Studio Solution File, Format Version 12.00
# Visual Studio Version 17
VisualStudioVersion = 17.0.31903.59
MinimumVisualStudioVersion = 10.0.40219.1
Project("{FAE04EC0-301F-11D3-BF4B-00C04F79EFBC}") = "SchoolRegister.Web", "SchoolRegister.Web\SchoolRegister.Web.csproj", "{F0F6277D-E35D-4E99-A82D-E4513990411D}"
EndProject
Project("{FAE04EC0-301F-11D3-BF4B-00C04F79EFBC}") = "SchoolRegister.Model", "SchoolRegister.Model\SchoolRegister.Model.csproj", "{C815D24A-05B1-4C2A-ADAD-A5508F1285FC}"
EndProject
Project("{FAE04EC0-301F-11D3-BF4B-00C04F79EFBC}") = "SchoolRegister.DAL", "SchoolRegister.DAL\SchoolRegister.DAL.csproj", "{2EAD5A21-4DCC-4E8D-A774-961897E7B950}"
EndProject
Project("{FAE04EC0-301F-11D3-BF4B-00C04F79EFBC}") = "SchoolRegister.Services", "SchoolRegister.Services\SchoolRegister.Services.csproj", "{9C6D0561-CA87-47A3-A7A2-94A580229DEF}"
EndProject
Project("{FAE04EC0-301F-11D3-BF4B-00C04F79EFBC}") = "SchoolRegister.ViewModels", "SchoolRegister.ViewModels\SchoolRegister.ViewModels.csproj", "{C87A96CF-EB83-436F-A147-45E32930D651}"
EndProject
Project("{FAE04EC0-301F-11D3-BF4B-00C04F79EFBC}") = "SchoolRegister.Tests", "SchoolRegister.Tests\SchoolRegister.Tests.csproj", "{E7C91FBD-4647-4A58-9E6F-2C9DCAFC6934}"
EndProject
Global
	GlobalSection(SolutionConfigurationPlatforms) = preSolution
		Debug|Any CPU = Debug|Any CPU
		Release|Any CPU = Release|Any CPU
	EndGlobalSection
	GlobalSection(SolutionProperties) = preSolution
		HideSolutionNode = FALSE
	EndGlobalSection
	GlobalSection(ProjectConfigurationPlatforms) = postSolution
		{F0F6277D-E35D-4E99-A82D-E4513990411D}.Debug|Any CPU.ActiveCfg = Debug|Any CPU
		{F0F6277D-E35D-4E99-A82D-E4513990411D}.Debug|Any CPU.Build.0 = Debug|Any CPU
		{F0F6277D-E35D-4E99-A82D-E4513990411D}.Release|Any CPU.ActiveCfg = Release|Any CPU
		{F0F6277D-E35D-4E99-A82D-E4513990411D}.Release|Any CPU.Build.0 = Release|Any CPU
		{C815D24A-05B1-4C2A-ADAD-A5508F1285FC}.Debug|Any CPU.ActiveCfg = Debug|Any CPU
		{C815D24A-05B1-4C2A-ADAD-A5508F1285FC}.Debug|Any CPU.Build.0 = Debug|Any CPU
		{C815D24A-05B1-4C2A-ADAD-A5508F1285FC}.Release|Any CPU.ActiveCfg = Release|Any CPU
		{C815D24A-05B1-4C2A-ADAD-A5508F1285FC}.Release|Any CPU.Build.0 = Release|Any CPU
		{2EAD5A21-4DCC-4E8D-A774-961897E7B950}.Debug|Any CPU.ActiveCfg = Debug|Any CPU
		{2EAD5A21-4DCC-4E8D-A774-961897E7B950}.Debug|Any CPU.Build.0 = Debug|Any CPU
		{2EAD5A21-4DCC-4E8D-A774-961897E7B950}.Release|Any CPU.ActiveCfg = Release|Any CPU
		{2EAD5A21-4DCC-4E8D-A774-961897E7B950}.Release|Any CPU.Build.0 = Release|Any CPU
		{9C6D0561-CA87-47A3-A7A2-94A580229DEF}.Debug|Any CPU.ActiveCfg = Debug|Any CPU
		{9C6D0561-CA87-47A3-A7A2-94A580229DEF}.Debug|Any CPU.Build.0 = Debug|Any CPU
		{9C6D0561-CA87-47A3-A7A2-94A580229DEF}.Release|Any CPU.ActiveCfg = Release|Any CPU
		{9C6D0561-CA87-47A3-A7A2-94A580229DEF}.Release|Any CPU.Build.0 = Release|Any CPU
		{C87A96CF-EB83-436F-A147-45E32930D651}.Debug|Any CPU.ActiveCfg = Debug|Any CPU
		{C87A96CF-EB83-436F-A147-45E32930D651}.Debug|Any CPU.Build.0 = Debug|Any CPU
		{C87A96CF-EB83-436F-A147-45E32930D651}.Release|Any CPU.ActiveCfg = Release|Any CPU
		{C87A96CF-EB83-436F-A147-45E32930D651}.Release|Any CPU.Build.0 = Release|Any CPU
		{E7C91FBD-4647-4A58-9E6F-2C9DCAFC6934}.Debug|Any CPU.ActiveCfg = Debug|Any CPU
		{E7C91FBD-4647-4A58-9E6F-2C9DCAFC6934}.Debug|Any CPU.Build.0 = Debug|Any CPU
		{E7C91FBD-4647-4A58-9E6F-2C9DCAFC6934}.Release|Any CPU.ActiveCfg = Release|Any CPU
		{E7C91FBD-4647-4A58-9E6F-2C9DCAFC6934}.Release|Any CPU.Build.0 = Release|Any CPU
	EndGlobalSection
EndGlobal
